
Microsoft Visual Studio Solution File, Format Version 12.00
Project("{FAE04EC0-301F-11D3-BF4B-00C04F79EFBC}") = "Api", "Api.csproj", "{238B392F-2A90-4B06-AF24-479EEDC5AA1B}"
EndProject
Global
	GlobalSection(SolutionConfigurationPlatforms) = preSolution
		Debug|Any CPU = Debug|Any CPU
		Release|Any CPU = Release|Any CPU
	EndGlobalSection
	GlobalSection(ProjectConfigurationPlatforms) = postSolution
		{238B392F-2A90-4B06-AF24-479EEDC5AA1B}.Debug|Any CPU.ActiveCfg = Debug|Any CPU
		{238B392F-2A90-4B06-AF24-479EEDC5AA1B}.Debug|Any CPU.Build.0 = Debug|Any CPU
		{238B392F-2A90-4B06-AF24-479EEDC5AA1B}.Release|Any CPU.ActiveCfg = Release|Any CPU
		{238B392F-2A90-4B06-AF24-479EEDC5AA1B}.Release|Any CPU.Build.0 = Release|Any CPU
	EndGlobalSection
EndGlobal
